// !$*UTF8*$!
{
	archiveVersion = 1;
	classes = {
	};
	objectVersion = 46;
	objects = {

/* Begin PBXBuildFile section */
		3756CF6418110C3C00D30FC3 /* Foundation.framework in Frameworks */ = {isa = PBXBuildFile; fileRef = 3756CF6318110C3C00D30FC3 /* Foundation.framework */; };
		3756CF6618110C3C00D30FC3 /* CoreGraphics.framework in Frameworks */ = {isa = PBXBuildFile; fileRef = 3756CF6518110C3C00D30FC3 /* CoreGraphics.framework */; };
		3756CF6818110C3C00D30FC3 /* UIKit.framework in Frameworks */ = {isa = PBXBuildFile; fileRef = 3756CF6718110C3C00D30FC3 /* UIKit.framework */; };
		3756CF6E18110C3C00D30FC3 /* InfoPlist.strings in Resources */ = {isa = PBXBuildFile; fileRef = 3756CF6C18110C3C00D30FC3 /* InfoPlist.strings */; };
		3756CF7018110C3C00D30FC3 /* main.m in Sources */ = {isa = PBXBuildFile; fileRef = 3756CF6F18110C3C00D30FC3 /* main.m */; };
		3756CF7418110C3C00D30FC3 /* AppDelegate.m in Sources */ = {isa = PBXBuildFile; fileRef = 3756CF7318110C3C00D30FC3 /* AppDelegate.m */; };
		3756CF7718110C3C00D30FC3 /* Main.storyboard in Resources */ = {isa = PBXBuildFile; fileRef = 3756CF7518110C3C00D30FC3 /* Main.storyboard */; };
		3756CF7A18110C3C00D30FC3 /* ViewController.m in Sources */ = {isa = PBXBuildFile; fileRef = 3756CF7918110C3C00D30FC3 /* ViewController.m */; };
		3756CF7C18110C3C00D30FC3 /* Images.xcassets in Resources */ = {isa = PBXBuildFile; fileRef = 3756CF7B18110C3C00D30FC3 /* Images.xcassets */; };
		3756CF8318110C3C00D30FC3 /* XCTest.framework in Frameworks */ = {isa = PBXBuildFile; fileRef = 3756CF8218110C3C00D30FC3 /* XCTest.framework */; };
		3756CF8418110C3C00D30FC3 /* Foundation.framework in Frameworks */ = {isa = PBXBuildFile; fileRef = 3756CF6318110C3C00D30FC3 /* Foundation.framework */; };
		3756CF8518110C3C00D30FC3 /* UIKit.framework in Frameworks */ = {isa = PBXBuildFile; fileRef = 3756CF6718110C3C00D30FC3 /* UIKit.framework */; };
		3756CF8D18110C3C00D30FC3 /* InfoPlist.strings in Resources */ = {isa = PBXBuildFile; fileRef = 3756CF8B18110C3C00D30FC3 /* InfoPlist.strings */; };
		3756CF8F18110C3C00D30FC3 /* TemperatureConverterTests.m in Sources */ = {isa = PBXBuildFile; fileRef = 3756CF8E18110C3C00D30FC3 /* TemperatureConverterTests.m */; };
		3756CF99181117B800D30FC3 /* ViewControllerTests.m in Sources */ = {isa = PBXBuildFile; fileRef = 3756CF98181117B800D30FC3 /* ViewControllerTests.m */; };
/* End PBXBuildFile section */

/* Begin PBXContainerItemProxy section */
		3756CF8618110C3C00D30FC3 /* PBXContainerItemProxy */ = {
			isa = PBXContainerItemProxy;
			containerPortal = 3756CF5818110C3C00D30FC3 /* Project object */;
			proxyType = 1;
			remoteGlobalIDString = 3756CF5F18110C3C00D30FC3;
			remoteInfo = TemperatureConverter;
		};
/* End PBXContainerItemProxy section */

/* Begin PBXFileReference section */
		3756CF6018110C3C00D30FC3 /* TemperatureConverter.app */ = {isa = PBXFileReference; explicitFileType = wrapper.application; includeInIndex = 0; path = TemperatureConverter.app; sourceTree = BUILT_PRODUCTS_DIR; };
		3756CF6318110C3C00D30FC3 /* Foundation.framework */ = {isa = PBXFileReference; lastKnownFileType = wrapper.framework; name = Foundation.framework; path = System/Library/Frameworks/Foundation.framework; sourceTree = SDKROOT; };
		3756CF6518110C3C00D30FC3 /* CoreGraphics.framework */ = {isa = PBXFileReference; lastKnownFileType = wrapper.framework; name = CoreGraphics.framework; path = System/Library/Frameworks/CoreGraphics.framework; sourceTree = SDKROOT; };
		3756CF6718110C3C00D30FC3 /* UIKit.framework */ = {isa = PBXFileReference; lastKnownFileType = wrapper.framework; name = UIKit.framework; path = System/Library/Frameworks/UIKit.framework; sourceTree = SDKROOT; };
		3756CF6B18110C3C00D30FC3 /* TemperatureConverter-Info.plist */ = {isa = PBXFileReference; lastKnownFileType = text.plist.xml; path = "TemperatureConverter-Info.plist"; sourceTree = "<group>"; };
		3756CF6D18110C3C00D30FC3 /* en */ = {isa = PBXFileReference; lastKnownFileType = text.plist.strings; name = en; path = en.lproj/InfoPlist.strings; sourceTree = "<group>"; };
		3756CF6F18110C3C00D30FC3 /* main.m */ = {isa = PBXFileReference; lastKnownFileType = sourcecode.c.objc; path = main.m; sourceTree = "<group>"; };
		3756CF7118110C3C00D30FC3 /* TemperatureConverter-Prefix.pch */ = {isa = PBXFileReference; lastKnownFileType = sourcecode.c.h; path = "TemperatureConverter-Prefix.pch"; sourceTree = "<group>"; };
		3756CF7218110C3C00D30FC3 /* AppDelegate.h */ = {isa = PBXFileReference; lastKnownFileType = sourcecode.c.h; path = AppDelegate.h; sourceTree = "<group>"; };
		3756CF7318110C3C00D30FC3 /* AppDelegate.m */ = {isa = PBXFileReference; lastKnownFileType = sourcecode.c.objc; path = AppDelegate.m; sourceTree = "<group>"; };
		3756CF7618110C3C00D30FC3 /* Base */ = {isa = PBXFileReference; lastKnownFileType = file.storyboard; name = Base; path = Base.lproj/Main.storyboard; sourceTree = "<group>"; };
		3756CF7818110C3C00D30FC3 /* ViewController.h */ = {isa = PBXFileReference; lastKnownFileType = sourcecode.c.h; path = ViewController.h; sourceTree = "<group>"; };
		3756CF7918110C3C00D30FC3 /* ViewController.m */ = {isa = PBXFileReference; lastKnownFileType = sourcecode.c.objc; path = ViewController.m; sourceTree = "<group>"; };
		3756CF7B18110C3C00D30FC3 /* Images.xcassets */ = {isa = PBXFileReference; lastKnownFileType = folder.assetcatalog; path = Images.xcassets; sourceTree = "<group>"; };
		3756CF8118110C3C00D30FC3 /* TemperatureConverterTests.xctest */ = {isa = PBXFileReference; explicitFileType = wrapper.cfbundle; includeInIndex = 0; path = TemperatureConverterTests.xctest; sourceTree = BUILT_PRODUCTS_DIR; };
		3756CF8218110C3C00D30FC3 /* XCTest.framework */ = {isa = PBXFileReference; lastKnownFileType = wrapper.framework; name = XCTest.framework; path = Library/Frameworks/XCTest.framework; sourceTree = DEVELOPER_DIR; };
		3756CF8A18110C3C00D30FC3 /* TemperatureConverterTests-Info.plist */ = {isa = PBXFileReference; lastKnownFileType = text.plist.xml; path = "TemperatureConverterTests-Info.plist"; sourceTree = "<group>"; };
		3756CF8C18110C3C00D30FC3 /* en */ = {isa = PBXFileReference; lastKnownFileType = text.plist.strings; name = en; path = en.lproj/InfoPlist.strings; sourceTree = "<group>"; };
		3756CF8E18110C3C00D30FC3 /* TemperatureConverterTests.m */ = {isa = PBXFileReference; lastKnownFileType = sourcecode.c.objc; path = TemperatureConverterTests.m; sourceTree = "<group>"; };
		3756CF98181117B800D30FC3 /* ViewControllerTests.m */ = {isa = PBXFileReference; fileEncoding = 4; lastKnownFileType = sourcecode.c.objc; path = ViewControllerTests.m; sourceTree = "<group>"; };
/* End PBXFileReference section */

/* Begin PBXFrameworksBuildPhase section */
		3756CF5D18110C3C00D30FC3 /* Frameworks */ = {
			isa = PBXFrameworksBuildPhase;
			buildActionMask = 2147483647;
			files = (
				3756CF6618110C3C00D30FC3 /* CoreGraphics.framework in Frameworks */,
				3756CF6818110C3C00D30FC3 /* UIKit.framework in Frameworks */,
				3756CF6418110C3C00D30FC3 /* Foundation.framework in Frameworks */,
			);
			runOnlyForDeploymentPostprocessing = 0;
		};
		3756CF7E18110C3C00D30FC3 /* Frameworks */ = {
			isa = PBXFrameworksBuildPhase;
			buildActionMask = 2147483647;
			files = (
				3756CF8318110C3C00D30FC3 /* XCTest.framework in Frameworks */,
				3756CF8518110C3C00D30FC3 /* UIKit.framework in Frameworks */,
				3756CF8418110C3C00D30FC3 /* Foundation.framework in Frameworks */,
			);
			runOnlyForDeploymentPostprocessing = 0;
		};
/* End PBXFrameworksBuildPhase section */

/* Begin PBXGroup section */
		3756CF5718110C3C00D30FC3 = {
			isa = PBXGroup;
			children = (
				3756CF6918110C3C00D30FC3 /* TemperatureConverter */,
				3756CF8818110C3C00D30FC3 /* TemperatureConverterTests */,
				3756CF6218110C3C00D30FC3 /* Frameworks */,
				3756CF6118110C3C00D30FC3 /* Products */,
			);
			sourceTree = "<group>";
		};
		3756CF6118110C3C00D30FC3 /* Products */ = {
			isa = PBXGroup;
			children = (
				3756CF6018110C3C00D30FC3 /* TemperatureConverter.app */,
				3756CF8118110C3C00D30FC3 /* TemperatureConverterTests.xctest */,
			);
			name = Products;
			sourceTree = "<group>";
		};
		3756CF6218110C3C00D30FC3 /* Frameworks */ = {
			isa = PBXGroup;
			children = (
				3756CF6318110C3C00D30FC3 /* Foundation.framework */,
				3756CF6518110C3C00D30FC3 /* CoreGraphics.framework */,
				3756CF6718110C3C00D30FC3 /* UIKit.framework */,
				3756CF8218110C3C00D30FC3 /* XCTest.framework */,
			);
			name = Frameworks;
			sourceTree = "<group>";
		};
		3756CF6918110C3C00D30FC3 /* TemperatureConverter */ = {
			isa = PBXGroup;
			children = (
				3756CF7218110C3C00D30FC3 /* AppDelegate.h */,
				3756CF7318110C3C00D30FC3 /* AppDelegate.m */,
				3756CF7518110C3C00D30FC3 /* Main.storyboard */,
				3756CF7818110C3C00D30FC3 /* ViewController.h */,
				3756CF7918110C3C00D30FC3 /* ViewController.m */,
				3756CF7B18110C3C00D30FC3 /* Images.xcassets */,
				3756CF6A18110C3C00D30FC3 /* Supporting Files */,
			);
			path = TemperatureConverter;
			sourceTree = "<group>";
		};
		3756CF6A18110C3C00D30FC3 /* Supporting Files */ = {
			isa = PBXGroup;
			children = (
				3756CF6B18110C3C00D30FC3 /* TemperatureConverter-Info.plist */,
				3756CF6C18110C3C00D30FC3 /* InfoPlist.strings */,
				3756CF6F18110C3C00D30FC3 /* main.m */,
				3756CF7118110C3C00D30FC3 /* TemperatureConverter-Prefix.pch */,
			);
			name = "Supporting Files";
			sourceTree = "<group>";
		};
		3756CF8818110C3C00D30FC3 /* TemperatureConverterTests */ = {
			isa = PBXGroup;
			children = (
				3756CF8E18110C3C00D30FC3 /* TemperatureConverterTests.m */,
				3756CF98181117B800D30FC3 /* ViewControllerTests.m */,
				3756CF8918110C3C00D30FC3 /* Supporting Files */,
			);
			path = TemperatureConverterTests;
			sourceTree = "<group>";
		};
		3756CF8918110C3C00D30FC3 /* Supporting Files */ = {
			isa = PBXGroup;
			children = (
				3756CF8A18110C3C00D30FC3 /* TemperatureConverterTests-Info.plist */,
				3756CF8B18110C3C00D30FC3 /* InfoPlist.strings */,
			);
			name = "Supporting Files";
			sourceTree = "<group>";
		};
/* End PBXGroup section */

/* Begin PBXNativeTarget section */
		3756CF5F18110C3C00D30FC3 /* TemperatureConverter */ = {
			isa = PBXNativeTarget;
			buildConfigurationList = 3756CF9218110C3C00D30FC3 /* Build configuration list for PBXNativeTarget "TemperatureConverter" */;
			buildPhases = (
				3756CF5C18110C3C00D30FC3 /* Sources */,
				3756CF5D18110C3C00D30FC3 /* Frameworks */,
				3756CF5E18110C3C00D30FC3 /* Resources */,
			);
			buildRules = (
			);
			dependencies = (
			);
			name = TemperatureConverter;
			productName = TemperatureConverter;
			productReference = 3756CF6018110C3C00D30FC3 /* TemperatureConverter.app */;
			productType = "com.apple.product-type.application";
		};
		3756CF8018110C3C00D30FC3 /* TemperatureConverterTests */ = {
			isa = PBXNativeTarget;
			buildConfigurationList = 3756CF9518110C3C00D30FC3 /* Build configuration list for PBXNativeTarget "TemperatureConverterTests" */;
			buildPhases = (
				3756CF7D18110C3C00D30FC3 /* Sources */,
				3756CF7E18110C3C00D30FC3 /* Frameworks */,
				3756CF7F18110C3C00D30FC3 /* Resources */,
			);
			buildRules = (
			);
			dependencies = (
				3756CF8718110C3C00D30FC3 /* PBXTargetDependency */,
			);
			name = TemperatureConverterTests;
			productName = TemperatureConverterTests;
			productReference = 3756CF8118110C3C00D30FC3 /* TemperatureConverterTests.xctest */;
			productType = "com.apple.product-type.bundle.unit-test";
		};
/* End PBXNativeTarget section */

/* Begin PBXProject section */
		3756CF5818110C3C00D30FC3 /* Project object */ = {
			isa = PBXProject;
			attributes = {
				LastUpgradeCheck = 0500;
				ORGANIZATIONNAME = xiaochuan;
				TargetAttributes = {
					3756CF8018110C3C00D30FC3 = {
						TestTargetID = 3756CF5F18110C3C00D30FC3;
					};
				};
			};
			buildConfigurationList = 3756CF5B18110C3C00D30FC3 /* Build configuration list for PBXProject "TemperatureConverter" */;
			compatibilityVersion = "Xcode 3.2";
			developmentRegion = English;
			hasScannedForEncodings = 0;
			knownRegions = (
				en,
				Base,
			);
			mainGroup = 3756CF5718110C3C00D30FC3;
			productRefGroup = 3756CF6118110C3C00D30FC3 /* Products */;
			projectDirPath = "";
			projectRoot = "";
			targets = (
				3756CF5F18110C3C00D30FC3 /* TemperatureConverter */,
				3756CF8018110C3C00D30FC3 /* TemperatureConverterTests */,
			);
		};
/* End PBXProject section */

/* Begin PBXResourcesBuildPhase section */
		3756CF5E18110C3C00D30FC3 /* Resources */ = {
			isa = PBXResourcesBuildPhase;
			buildActionMask = 2147483647;
			files = (
				3756CF7C18110C3C00D30FC3 /* Images.xcassets in Resources */,
				3756CF6E18110C3C00D30FC3 /* InfoPlist.strings in Resources */,
				3756CF7718110C3C00D30FC3 /* Main.storyboard in Resources */,
			);
			runOnlyForDeploymentPostprocessing = 0;
		};
		3756CF7F18110C3C00D30FC3 /* Resources */ = {
			isa = PBXResourcesBuildPhase;
			buildActionMask = 2147483647;
			files = (
				3756CF8D18110C3C00D30FC3 /* InfoPlist.strings in Resources */,
			);
			runOnlyForDeploymentPostprocessing = 0;
		};
/* End PBXResourcesBuildPhase section */

/* Begin PBXSourcesBuildPhase section */
		3756CF5C18110C3C00D30FC3 /* Sources */ = {
			isa = PBXSourcesBuildPhase;
			buildActionMask = 2147483647;
			files = (
				3756CF7A18110C3C00D30FC3 /* ViewController.m in Sources */,
				3756CF7418110C3C00D30FC3 /* AppDelegate.m in Sources */,
				3756CF7018110C3C00D30FC3 /* main.m in Sources */,
			);
			runOnlyForDeploymentPostprocessing = 0;
		};
		3756CF7D18110C3C00D30FC3 /* Sources */ = {
			isa = PBXSourcesBuildPhase;
			buildActionMask = 2147483647;
			files = (
				3756CF99181117B800D30FC3 /* ViewControllerTests.m in Sources */,
				3756CF8F18110C3C00D30FC3 /* TemperatureConverterTests.m in Sources */,
			);
			runOnlyForDeploymentPostprocessing = 0;
		};
/* End PBXSourcesBuildPhase section */

/* Begin PBXTargetDependency section */
		3756CF8718110C3C00D30FC3 /* PBXTargetDependency */ = {
			isa = PBXTargetDependency;
			target = 3756CF5F18110C3C00D30FC3 /* TemperatureConverter */;
			targetProxy = 3756CF8618110C3C00D30FC3 /* PBXContainerItemProxy */;
		};
/* End PBXTargetDependency section */

/* Begin PBXVariantGroup section */
		3756CF6C18110C3C00D30FC3 /* InfoPlist.strings */ = {
			isa = PBXVariantGroup;
			children = (
				3756CF6D18110C3C00D30FC3 /* en */,
			);
			name = InfoPlist.strings;
			sourceTree = "<group>";
		};
		3756CF7518110C3C00D30FC3 /* Main.storyboard */ = {
			isa = PBXVariantGroup;
			children = (
				3756CF7618110C3C00D30FC3 /* Base */,
			);
			name = Main.storyboard;
			sourceTree = "<group>";
		};
		3756CF8B18110C3C00D30FC3 /* InfoPlist.strings */ = {
			isa = PBXVariantGroup;
			children = (
				3756CF8C18110C3C00D30FC3 /* en */,
			);
			name = InfoPlist.strings;
			sourceTree = "<group>";
		};
/* End PBXVariantGroup section */

/* Begin XCBuildConfiguration section */
		3756CF9018110C3C00D30FC3 /* Debug */ = {
			isa = XCBuildConfiguration;
			buildSettings = {
				ALWAYS_SEARCH_USER_PATHS = NO;
				ARCHS = "$(ARCHS_STANDARD_INCLUDING_64_BIT)";
				CLANG_CXX_LANGUAGE_STANDARD = "gnu++0x";
				CLANG_CXX_LIBRARY = "libc++";
				CLANG_ENABLE_MODULES = YES;
				CLANG_ENABLE_OBJC_ARC = YES;
				CLANG_WARN_BOOL_CONVERSION = YES;
				CLANG_WARN_CONSTANT_CONVERSION = YES;
				CLANG_WARN_DIRECT_OBJC_ISA_USAGE = YES_ERROR;
				CLANG_WARN_EMPTY_BODY = YES;
				CLANG_WARN_ENUM_CONVERSION = YES;
				CLANG_WARN_INT_CONVERSION = YES;
				CLANG_WARN_OBJC_ROOT_CLASS = YES_ERROR;
				CLANG_WARN__DUPLICATE_METHOD_MATCH = YES;
				"CODE_SIGN_IDENTITY[sdk=iphoneos*]" = "iPhone Developer";
				COPY_PHASE_STRIP = NO;
				GCC_C_LANGUAGE_STANDARD = gnu99;
				GCC_DYNAMIC_NO_PIC = NO;
				GCC_OPTIMIZATION_LEVEL = 0;
				GCC_PREPROCESSOR_DEFINITIONS = (
					"DEBUG=1",
					"$(inherited)",
				);
				GCC_SYMBOLS_PRIVATE_EXTERN = NO;
				GCC_WARN_64_TO_32_BIT_CONVERSION = YES;
				GCC_WARN_ABOUT_RETURN_TYPE = YES_ERROR;
				GCC_WARN_UNDECLARED_SELECTOR = YES;
				GCC_WARN_UNINITIALIZED_AUTOS = YES;
				GCC_WARN_UNUSED_FUNCTION = YES;
				GCC_WARN_UNUSED_VARIABLE = YES;
				IPHONEOS_DEPLOYMENT_TARGET = 7.0;
				ONLY_ACTIVE_ARCH = YES;
				SDKROOT = iphoneos;
			};
			name = Debug;
		};
		3756CF9118110C3C00D30FC3 /* Release */ = {
			isa = XCBuildConfiguration;
			buildSettings = {
				ALWAYS_SEARCH_USER_PATHS = NO;
				ARCHS = "$(ARCHS_STANDARD_INCLUDING_64_BIT)";
				CLANG_CXX_LANGUAGE_STANDARD = "gnu++0x";
				CLANG_CXX_LIBRARY = "libc++";
				CLANG_ENABLE_MODULES = YES;
				CLANG_ENABLE_OBJC_ARC = YES;
				CLANG_WARN_BOOL_CONVERSION = YES;
				CLANG_WARN_CONSTANT_CONVERSION = YES;
				CLANG_WARN_DIRECT_OBJC_ISA_USAGE = YES_ERROR;
				CLANG_WARN_EMPTY_BODY = YES;
				CLANG_WARN_ENUM_CONVERSION = YES;
				CLANG_WARN_INT_CONVERSION = YES;
				CLANG_WARN_OBJC_ROOT_CLASS = YES_ERROR;
				CLANG_WARN__DUPLICATE_METHOD_MATCH = YES;
				"CODE_SIGN_IDENTITY[sdk=iphoneos*]" = "iPhone Developer";
				COPY_PHASE_STRIP = YES;
				ENABLE_NS_ASSERTIONS = NO;
				GCC_C_LANGUAGE_STANDARD = gnu99;
				GCC_WARN_64_TO_32_BIT_CONVERSION = YES;
				GCC_WARN_ABOUT_RETURN_TYPE = YES_ERROR;
				GCC_WARN_UNDECLARED_SELECTOR = YES;
				GCC_WARN_UNINITIALIZED_AUTOS = YES;
				GCC_WARN_UNUSED_FUNCTION = YES;
				GCC_WARN_UNUSED_VARIABLE = YES;
				IPHONEOS_DEPLOYMENT_TARGET = 7.0;
				SDKROOT = iphoneos;
				VALIDATE_PRODUCT = YES;
			};
			name = Release;
		};
		3756CF9318110C3C00D30FC3 /* Debug */ = {
			isa = XCBuildConfiguration;
			buildSettings = {
				ARCHS = "$(ARCHS_STANDARD)";
				ASSETCATALOG_COMPILER_APPICON_NAME = AppIcon;
				ASSETCATALOG_COMPILER_LAUNCHIMAGE_NAME = LaunchImage;
				GCC_PRECOMPILE_PREFIX_HEADER = YES;
				GCC_PREFIX_HEADER = "TemperatureConverter/TemperatureConverter-Prefix.pch";
				INFOPLIST_FILE = "TemperatureConverter/TemperatureConverter-Info.plist";
				IPHONEOS_DEPLOYMENT_TARGET = 5.0;
				PRODUCT_NAME = "$(TARGET_NAME)";
				WRAPPER_EXTENSION = app;
			};
			name = Debug;
		};
		3756CF9418110C3C00D30FC3 /* Release */ = {
			isa = XCBuildConfiguration;
			buildSettings = {
				ARCHS = "$(ARCHS_STANDARD)";
				ASSETCATALOG_COMPILER_APPICON_NAME = AppIcon;
				ASSETCATALOG_COMPILER_LAUNCHIMAGE_NAME = LaunchImage;
				GCC_PRECOMPILE_PREFIX_HEADER = YES;
				GCC_PREFIX_HEADER = "TemperatureConverter/TemperatureConverter-Prefix.pch";
				INFOPLIST_FILE = "TemperatureConverter/TemperatureConverter-Info.plist";
				IPHONEOS_DEPLOYMENT_TARGET = 5.0;
				PRODUCT_NAME = "$(TARGET_NAME)";
				WRAPPER_EXTENSION = app;
			};
			name = Release;
		};
		3756CF9618110C3C00D30FC3 /* Debug */ = {
			isa = XCBuildConfiguration;
			buildSettings = {
				ARCHS = "$(ARCHS_STANDARD_INCLUDING_64_BIT)";
				BUNDLE_LOADER = "$(BUILT_PRODUCTS_DIR)/TemperatureConverter.app/TemperatureConverter";
				FRAMEWORK_SEARCH_PATHS = (
					"$(SDKROOT)/Developer/Library/Frameworks",
					"$(inherited)",
					"$(DEVELOPER_FRAMEWORKS_DIR)",
				);
				GCC_PRECOMPILE_PREFIX_HEADER = YES;
				GCC_PREFIX_HEADER = "TemperatureConverter/TemperatureConverter-Prefix.pch";
				GCC_PREPROCESSOR_DEFINITIONS = (
					"DEBUG=1",
					"$(inherited)",
				);
				INFOPLIST_FILE = "TemperatureConverterTests/TemperatureConverterTests-Info.plist";
				PRODUCT_NAME = "$(TARGET_NAME)";
				TEST_HOST = "$(BUNDLE_LOADER)";
				WRAPPER_EXTENSION = xctest;
			};
			name = Debug;
		};
		3756CF9718110C3C00D30FC3 /* Release */ = {
			isa = XCBuildConfiguration;
			buildSettings = {
				ARCHS = "$(ARCHS_STANDARD_INCLUDING_64_BIT)";
				BUNDLE_LOADER = "$(BUILT_PRODUCTS_DIR)/TemperatureConverter.app/TemperatureConverter";
				FRAMEWORK_SEARCH_PATHS = (
					"$(SDKROOT)/Developer/Library/Frameworks",
					"$(inherited)",
					"$(DEVELOPER_FRAMEWORKS_DIR)",
				);
				GCC_PRECOMPILE_PREFIX_HEADER = YES;
				GCC_PREFIX_HEADER = "TemperatureConverter/TemperatureConverter-Prefix.pch";
				INFOPLIST_FILE = "TemperatureConverterTests/TemperatureConverterTests-Info.plist";
				PRODUCT_NAME = "$(TARGET_NAME)";
				TEST_HOST = "$(BUNDLE_LOADER)";
				WRAPPER_EXTENSION = xctest;
			};
			name = Release;
		};
/* End XCBuildConfiguration section */

/* Begin XCConfigurationList section */
		3756CF5B18110C3C00D30FC3 /* Build configuration list for PBXProject "TemperatureConverter" */ = {
			isa = XCConfigurationList;
			buildConfigurations = (
				3756CF9018110C3C00D30FC3 /* Debug */,
				3756CF9118110C3C00D30FC3 /* Release */,
			);
			defaultConfigurationIsVisible = 0;
			defaultConfigurationName = Release;
		};
		3756CF9218110C3C00D30FC3 /* Build configuration list for PBXNativeTarget "TemperatureConverter" */ = {
			isa = XCConfigurationList;
			buildConfigurations = (
				3756CF9318110C3C00D30FC3 /* Debug */,
				3756CF9418110C3C00D30FC3 /* Release */,
			);
			defaultConfigurationIsVisible = 0;
		};
		3756CF9518110C3C00D30FC3 /* Build configuration list for PBXNativeTarget "TemperatureConverterTests" */ = {
			isa = XCConfigurationList;
			buildConfigurations = (
				3756CF9618110C3C00D30FC3 /* Debug */,
				3756CF9718110C3C00D30FC3 /* Release */,
			);
			defaultConfigurationIsVisible = 0;
		};
/* End XCConfigurationList section */
	};
	rootObject = 3756CF5818110C3C00D30FC3 /* Project object */;
}
